
Microsoft Visual Studio Solution File, Format Version 12.00
# Visual Studio 15
VisualStudioVersion = 15.0.28307.1062
MinimumVisualStudioVersion = 10.0.40219.1
Project("{FAE04EC0-301F-11D3-BF4B-00C04F79EFBC}") = "Sales By Match", "..\Sales By Match\Sales By Match.csproj", "{B61D6233-9391-4206-A8E6-1F15321C1DDE}"
EndProject
Project("{FAE04EC0-301F-11D3-BF4B-00C04F79EFBC}") = "JumpingOnTheClouds", "JumpingOnTheClouds\JumpingOnTheClouds.csproj", "{4F072B38-1B6A-4FF4-9907-7594D2FA0FF4}"
EndProject
Project("{FAE04EC0-301F-11D3-BF4B-00C04F79EFBC}") = "CountingValleys", "CountingValleys\CountingValleys.csproj", "{2A977EF9-5E68-45B8-A42D-53248B946027}"
EndProject
Project("{FAE04EC0-301F-11D3-BF4B-00C04F79EFBC}") = "RepeatedString", "RepeatedString\RepeatedString.csproj", "{D32DBD2F-EDE8-46D2-94CD-C92DA8970330}"
EndProject
Project("{FAE04EC0-301F-11D3-BF4B-00C04F79EFBC}") = "LeftRotation", "LeftRotation\LeftRotation.csproj", "{30027C21-4656-4A87-9068-0A466C515D92}"
EndProject
Project("{FAE04EC0-301F-11D3-BF4B-00C04F79EFBC}") = "SimpleArraySum", "SimpleArraySum\SimpleArraySum.csproj", "{5FAA8B25-6563-4B99-9B6F-FE7738B2432C}"
EndProject
Project("{FAE04EC0-301F-11D3-BF4B-00C04F79EFBC}") = "CompareTheTriplets", "CompareTheTriplets\CompareTheTriplets.csproj", "{7F31A5C3-471C-4767-8B72-886EA3403225}"
EndProject
Project("{FAE04EC0-301F-11D3-BF4B-00C04F79EFBC}") = "DrawingBook", "DrawingBook\DrawingBook.csproj", "{82DB36FB-6773-477E-BF5B-F1A0060F0998}"
EndProject
Project("{FAE04EC0-301F-11D3-BF4B-00C04F79EFBC}") = "ExtraLongFactorials", "ExtraLongFactorials\ExtraLongFactorials.csproj", "{57ABAF81-7188-46D6-B0BA-866AA2FED108}"
EndProject
Project("{FAE04EC0-301F-11D3-BF4B-00C04F79EFBC}") = "ElectronicsShop", "ElectronicsShop\ElectronicsShop.csproj", "{CB71792A-BDA5-4C63-8FBB-179C598AFB8F}"
EndProject
Project("{FAE04EC0-301F-11D3-BF4B-00C04F79EFBC}") = "CatsAndMouse", "CatsAndMouse\CatsAndMouse.csproj", "{7188C31A-6374-4A5E-8283-64F209F9DC78}"
EndProject
Project("{FAE04EC0-301F-11D3-BF4B-00C04F79EFBC}") = "ClimbingTheLeaderboard", "ClimbingTheLeaderboard\ClimbingTheLeaderboard.csproj", "{DD48DE4E-D77F-4997-8E99-6F760F80F785}"
EndProject
Project("{FAE04EC0-301F-11D3-BF4B-00C04F79EFBC}") = "AngryProfessor", "AngryProfessor\AngryProfessor.csproj", "{C22BCA3E-BEF7-4442-827C-9FF557AE2C5C}"
EndProject
Project("{FAE04EC0-301F-11D3-BF4B-00C04F79EFBC}") = "BeautifulDayAtTheMovies", "BeautifulDayAtTheMovies\BeautifulDayAtTheMovies.csproj", "{0F1E1CA7-0723-4794-8768-F4344AC77D34}"
EndProject
Project("{FAE04EC0-301F-11D3-BF4B-00C04F79EFBC}") = "ViralAdvertising", "ViralAdvertising\ViralAdvertising.csproj", "{8015BD33-348C-4CB3-B341-B36C0BA7C92E}"
EndProject
Project("{FAE04EC0-301F-11D3-BF4B-00C04F79EFBC}") = "SaveThePrisoner", "SaveThePrisoner\SaveThePrisoner.csproj", "{A6618D8D-8709-4385-BDA8-251032A258D7}"
EndProject
Project("{FAE04EC0-301F-11D3-BF4B-00C04F79EFBC}") = "BeautifulDayTests", "BeautifulDayTests\BeautifulDayTests.csproj", "{23763081-5A62-444B-AE24-E5FE503A953C}"
EndProject
Project("{FAE04EC0-301F-11D3-BF4B-00C04F79EFBC}") = "CircularArrayRotation", "CircularArrayRotation\CircularArrayRotation.csproj", "{DB8180ED-7140-42F6-83AC-F9FAECC7FE65}"
EndProject
Global
	GlobalSection(SolutionConfigurationPlatforms) = preSolution
		Debug|Any CPU = Debug|Any CPU
		Release|Any CPU = Release|Any CPU
	EndGlobalSection
	GlobalSection(ProjectConfigurationPlatforms) = postSolution
		{B61D6233-9391-4206-A8E6-1F15321C1DDE}.Debug|Any CPU.ActiveCfg = Debug|Any CPU
		{B61D6233-9391-4206-A8E6-1F15321C1DDE}.Debug|Any CPU.Build.0 = Debug|Any CPU
		{B61D6233-9391-4206-A8E6-1F15321C1DDE}.Release|Any CPU.ActiveCfg = Release|Any CPU
		{B61D6233-9391-4206-A8E6-1F15321C1DDE}.Release|Any CPU.Build.0 = Release|Any CPU
		{4F072B38-1B6A-4FF4-9907-7594D2FA0FF4}.Debug|Any CPU.ActiveCfg = Debug|Any CPU
		{4F072B38-1B6A-4FF4-9907-7594D2FA0FF4}.Debug|Any CPU.Build.0 = Debug|Any CPU
		{4F072B38-1B6A-4FF4-9907-7594D2FA0FF4}.Release|Any CPU.ActiveCfg = Release|Any CPU
		{4F072B38-1B6A-4FF4-9907-7594D2FA0FF4}.Release|Any CPU.Build.0 = Release|Any CPU
		{2A977EF9-5E68-45B8-A42D-53248B946027}.Debug|Any CPU.ActiveCfg = Debug|Any CPU
		{2A977EF9-5E68-45B8-A42D-53248B946027}.Debug|Any CPU.Build.0 = Debug|Any CPU
		{2A977EF9-5E68-45B8-A42D-53248B946027}.Release|Any CPU.ActiveCfg = Release|Any CPU
		{2A977EF9-5E68-45B8-A42D-53248B946027}.Release|Any CPU.Build.0 = Release|Any CPU
		{D32DBD2F-EDE8-46D2-94CD-C92DA8970330}.Debug|Any CPU.ActiveCfg = Debug|Any CPU
		{D32DBD2F-EDE8-46D2-94CD-C92DA8970330}.Debug|Any CPU.Build.0 = Debug|Any CPU
		{D32DBD2F-EDE8-46D2-94CD-C92DA8970330}.Release|Any CPU.ActiveCfg = Release|Any CPU
		{D32DBD2F-EDE8-46D2-94CD-C92DA8970330}.Release|Any CPU.Build.0 = Release|Any CPU
		{30027C21-4656-4A87-9068-0A466C515D92}.Debug|Any CPU.ActiveCfg = Debug|Any CPU
		{30027C21-4656-4A87-9068-0A466C515D92}.Debug|Any CPU.Build.0 = Debug|Any CPU
		{30027C21-4656-4A87-9068-0A466C515D92}.Release|Any CPU.ActiveCfg = Release|Any CPU
		{30027C21-4656-4A87-9068-0A466C515D92}.Release|Any CPU.Build.0 = Release|Any CPU
		{5FAA8B25-6563-4B99-9B6F-FE7738B2432C}.Debug|Any CPU.ActiveCfg = Debug|Any CPU
		{5FAA8B25-6563-4B99-9B6F-FE7738B2432C}.Debug|Any CPU.Build.0 = Debug|Any CPU
		{5FAA8B25-6563-4B99-9B6F-FE7738B2432C}.Release|Any CPU.ActiveCfg = Release|Any CPU
		{5FAA8B25-6563-4B99-9B6F-FE7738B2432C}.Release|Any CPU.Build.0 = Release|Any CPU
		{7F31A5C3-471C-4767-8B72-886EA3403225}.Debug|Any CPU.ActiveCfg = Debug|Any CPU
		{7F31A5C3-471C-4767-8B72-886EA3403225}.Debug|Any CPU.Build.0 = Debug|Any CPU
		{7F31A5C3-471C-4767-8B72-886EA3403225}.Release|Any CPU.ActiveCfg = Release|Any CPU
		{7F31A5C3-471C-4767-8B72-886EA3403225}.Release|Any CPU.Build.0 = Release|Any CPU
		{82DB36FB-6773-477E-BF5B-F1A0060F0998}.Debug|Any CPU.ActiveCfg = Debug|Any CPU
		{82DB36FB-6773-477E-BF5B-F1A0060F0998}.Debug|Any CPU.Build.0 = Debug|Any CPU
		{82DB36FB-6773-477E-BF5B-F1A0060F0998}.Release|Any CPU.ActiveCfg = Release|Any CPU
		{82DB36FB-6773-477E-BF5B-F1A0060F0998}.Release|Any CPU.Build.0 = Release|Any CPU
		{57ABAF81-7188-46D6-B0BA-866AA2FED108}.Debug|Any CPU.ActiveCfg = Debug|Any CPU
		{57ABAF81-7188-46D6-B0BA-866AA2FED108}.Debug|Any CPU.Build.0 = Debug|Any CPU
		{57ABAF81-7188-46D6-B0BA-866AA2FED108}.Release|Any CPU.ActiveCfg = Release|Any CPU
		{57ABAF81-7188-46D6-B0BA-866AA2FED108}.Release|Any CPU.Build.0 = Release|Any CPU
		{CB71792A-BDA5-4C63-8FBB-179C598AFB8F}.Debug|Any CPU.ActiveCfg = Debug|Any CPU
		{CB71792A-BDA5-4C63-8FBB-179C598AFB8F}.Debug|Any CPU.Build.0 = Debug|Any CPU
		{CB71792A-BDA5-4C63-8FBB-179C598AFB8F}.Release|Any CPU.ActiveCfg = Release|Any CPU
		{CB71792A-BDA5-4C63-8FBB-179C598AFB8F}.Release|Any CPU.Build.0 = Release|Any CPU
		{7188C31A-6374-4A5E-8283-64F209F9DC78}.Debug|Any CPU.ActiveCfg = Debug|Any CPU
		{7188C31A-6374-4A5E-8283-64F209F9DC78}.Debug|Any CPU.Build.0 = Debug|Any CPU
		{7188C31A-6374-4A5E-8283-64F209F9DC78}.Release|Any CPU.ActiveCfg = Release|Any CPU
		{7188C31A-6374-4A5E-8283-64F209F9DC78}.Release|Any CPU.Build.0 = Release|Any CPU
		{DD48DE4E-D77F-4997-8E99-6F760F80F785}.Debug|Any CPU.ActiveCfg = Debug|Any CPU
		{DD48DE4E-D77F-4997-8E99-6F760F80F785}.Debug|Any CPU.Build.0 = Debug|Any CPU
		{DD48DE4E-D77F-4997-8E99-6F760F80F785}.Release|Any CPU.ActiveCfg = Release|Any CPU
		{DD48DE4E-D77F-4997-8E99-6F760F80F785}.Release|Any CPU.Build.0 = Release|Any CPU
		{C22BCA3E-BEF7-4442-827C-9FF557AE2C5C}.Debug|Any CPU.ActiveCfg = Debug|Any CPU
		{C22BCA3E-BEF7-4442-827C-9FF557AE2C5C}.Debug|Any CPU.Build.0 = Debug|Any CPU
		{C22BCA3E-BEF7-4442-827C-9FF557AE2C5C}.Release|Any CPU.ActiveCfg = Release|Any CPU
		{C22BCA3E-BEF7-4442-827C-9FF557AE2C5C}.Release|Any CPU.Build.0 = Release|Any CPU
		{0F1E1CA7-0723-4794-8768-F4344AC77D34}.Debug|Any CPU.ActiveCfg = Debug|Any CPU
		{0F1E1CA7-0723-4794-8768-F4344AC77D34}.Debug|Any CPU.Build.0 = Debug|Any CPU
		{0F1E1CA7-0723-4794-8768-F4344AC77D34}.Release|Any CPU.ActiveCfg = Release|Any CPU
		{0F1E1CA7-0723-4794-8768-F4344AC77D34}.Release|Any CPU.Build.0 = Release|Any CPU
		{8015BD33-348C-4CB3-B341-B36C0BA7C92E}.Debug|Any CPU.ActiveCfg = Debug|Any CPU
		{8015BD33-348C-4CB3-B341-B36C0BA7C92E}.Debug|Any CPU.Build.0 = Debug|Any CPU
		{8015BD33-348C-4CB3-B341-B36C0BA7C92E}.Release|Any CPU.ActiveCfg = Release|Any CPU
		{8015BD33-348C-4CB3-B341-B36C0BA7C92E}.Release|Any CPU.Build.0 = Release|Any CPU
		{A6618D8D-8709-4385-BDA8-251032A258D7}.Debug|Any CPU.ActiveCfg = Debug|Any CPU
		{A6618D8D-8709-4385-BDA8-251032A258D7}.Debug|Any CPU.Build.0 = Debug|Any CPU
		{A6618D8D-8709-4385-BDA8-251032A258D7}.Release|Any CPU.ActiveCfg = Release|Any CPU
		{A6618D8D-8709-4385-BDA8-251032A258D7}.Release|Any CPU.Build.0 = Release|Any CPU
		{23763081-5A62-444B-AE24-E5FE503A953C}.Debug|Any CPU.ActiveCfg = Debug|Any CPU
		{23763081-5A62-444B-AE24-E5FE503A953C}.Debug|Any CPU.Build.0 = Debug|Any CPU
		{23763081-5A62-444B-AE24-E5FE503A953C}.Release|Any CPU.ActiveCfg = Release|Any CPU
		{23763081-5A62-444B-AE24-E5FE503A953C}.Release|Any CPU.Build.0 = Release|Any CPU
		{DB8180ED-7140-42F6-83AC-F9FAECC7FE65}.Debug|Any CPU.ActiveCfg = Debug|Any CPU
		{DB8180ED-7140-42F6-83AC-F9FAECC7FE65}.Debug|Any CPU.Build.0 = Debug|Any CPU
		{DB8180ED-7140-42F6-83AC-F9FAECC7FE65}.Release|Any CPU.ActiveCfg = Release|Any CPU
		{DB8180ED-7140-42F6-83AC-F9FAECC7FE65}.Release|Any CPU.Build.0 = Release|Any CPU
	EndGlobalSection
	GlobalSection(SolutionProperties) = preSolution
		HideSolutionNode = FALSE
	EndGlobalSection
	GlobalSection(ExtensibilityGlobals) = postSolution
		SolutionGuid = {5F1A71D5-C660-4EE4-931E-A630E981E1FA}
	EndGlobalSection
EndGlobal
